{
    "name": "nodejs-elasticsearch-bodybuilder",
    "version": "1.0.0",
    "lockfileVersion": 3,
    "requires": true,
    "packages": {
        "": {
            "name": "nodejs-elasticsearch-bodybuilder",
            "version": "1.0.0",
            "dependencies": {
                "bodybuilder": "^2.5.1"
            }
        },
        "node_modules/bodybuilder": {
            "version": "2.5.1",
            "resolved": "https://registry.npmjs.org/bodybuilder/-/bodybuilder-2.5.1.tgz",
            "integrity": "sha512-eI7F7QJ7U0l3iF1VNN62X8ofQ39TPC1heuRJhPbf/VhttSOT1mACpE4iSIidp8Pr1sXbUZ9Uc6R4RkfF7+4MtQ==",
            "license": "MIT",
            "dependencies": {
                "lodash.clonedeep": "4.5.0",
                "lodash.isobject": "3.0.2",
                "lodash.isplainobject": "4.0.6",
                "lodash.merge": "4.6.2",
                "lodash.unset": "4.5.2"
            }
        },
        "node_modules/lodash.clonedeep": {
            "version": "4.5.0",
            "resolved": "https://registry.npmjs.org/lodash.clonedeep/-/lodash.clonedeep-4.5.0.tgz",
            "integrity": "sha512-H5ZhCF25riFd9uB5UCkVKo61m3S/xZk1x4wA6yp/L3RFP6Z/eHH1ymQcGLo7J3GMPfm0V/7m1tryHuGVxpqEBQ==",
            "license": "MIT"
        },
        "node_modules/lodash.isobject": {
            "version": "3.0.2",
            "resolved": "https://registry.npmjs.org/lodash.isobject/-/lodash.isobject-3.0.2.tgz",
            "integrity": "sha512-3/Qptq2vr7WeJbB4KHUSKlq8Pl7ASXi3UG6CMbBm8WRtXi8+GHm7mKaU3urfpSEzWe2wCIChs6/sdocUsTKJiA==",
            "license": "MIT"
        },
        "node_modules/lodash.isplainobject": {
            "version": "4.0.6",
            "resolved": "https://registry.npmjs.org/lodash.isplainobject/-/lodash.isplainobject-4.0.6.tgz",
            "integrity": "sha512-oSXzaWypCMHkPC3NvBEaPHf0KsA5mvPrOPgQWDsbg8n7orZ290M0BmC/jgRZ4vcJ6DTAhjrsSYgdsW/F+MFOBA==",
            "license": "MIT"
        },
        "node_modules/lodash.merge": {
            "version": "4.6.2",
            "resolved": "https://registry.npmjs.org/lodash.merge/-/lodash.merge-4.6.2.tgz",
            "integrity": "sha512-0KpjqXRVvrYyCsX1swR/XTK0va6VQkQM6MNo7PqW77ByjAhoARA8EfrP1N4+KlKj8YS0ZUCtRT/YUuhyYDujIQ==",
            "license": "MIT"
        },
        "node_modules/lodash.unset": {
            "version": "4.5.2",
            "resolved": "https://registry.npmjs.org/lodash.unset/-/lodash.unset-4.5.2.tgz",
            "integrity": "sha512-bwKX88k2JhCV9D1vtE8+naDKlLiGrSmf8zi/Y9ivFHwbmRfA8RxS/aVJ+sIht2XOwqoNr4xUPUkGZpc1sHFEKg==",
            "license": "MIT"
        }
    }
}
