{
    "name": "nodejs-elasticsearch-elastic-builder",
    "version": "1.0.0",
    "lockfileVersion": 3,
    "requires": true,
    "packages": {
        "": {
            "name": "nodejs-elasticsearch-elastic-builder",
            "version": "1.0.0",
            "dependencies": {
                "elastic-builder": "^2.19.0"
            }
        },
        "node_modules/elastic-builder": {
            "version": "2.31.1",
            "resolved": "https://registry.npmjs.org/elastic-builder/-/elastic-builder-2.31.1.tgz",
            "integrity": "sha512-FUcbKlvMg/QPTJZVZRtTbefU2VnpGC0xLzALB0XvW6m77SSjh9ueS7qZwzF+Y3lNOwMedgTearsxUCKL/KcwUQ==",
            "license": "MIT",
            "dependencies": {
                "lodash": "^4.17.21"
            }
        },
        "node_modules/lodash": {
            "version": "4.17.21",
            "resolved": "https://registry.npmjs.org/lodash/-/lodash-4.17.21.tgz",
            "integrity": "sha512-v2kDEe57lecTulaDIuNTPy3Ry4gLGJ6Z1O3vE1krgXZNrsQ+LFTGHVxVjcXPs17LhbZVGedAJv8XZ1tvj5FvSg==",
            "license": "MIT"
        }
    }
}
